
Microsoft Visual Studio Solution File, Format Version 12.00
# Visual Studio Version 17
VisualStudioVersion = 17.5.002.0
MinimumVisualStudioVersion = 10.0.40219.1
Project("{9A19103F-16F7-4668-BE54-9A1E7A4F7556}") = "TaskTrackerAPI", "TaskTrackerAPI\TaskTrackerAPI.csproj", "{AA8725B8-6A40-4A71-9E72-83C8CF800195}"
EndProject
Global
	GlobalSection(SolutionConfigurationPlatforms) = preSolution
		Debug|Any CPU = Debug|Any CPU
		Release|Any CPU = Release|Any CPU
	EndGlobalSection
	GlobalSection(ProjectConfigurationPlatforms) = postSolution
		{AA8725B8-6A40-4A71-9E72-83C8CF800195}.Debug|Any CPU.ActiveCfg = Debug|Any CPU
		{AA8725B8-6A40-4A71-9E72-83C8CF800195}.Debug|Any CPU.Build.0 = Debug|Any CPU
		{AA8725B8-6A40-4A71-9E72-83C8CF800195}.Release|Any CPU.ActiveCfg = Release|Any CPU
		{AA8725B8-6A40-4A71-9E72-83C8CF800195}.Release|Any CPU.Build.0 = Release|Any CPU
	EndGlobalSection
	GlobalSection(SolutionProperties) = preSolution
		HideSolutionNode = FALSE
	EndGlobalSection
	GlobalSection(ExtensibilityGlobals) = postSolution
		SolutionGuid = {28D8EB94-C51E-492B-A941-4341ECECE658}
	EndGlobalSection
EndGlobal
